
Microsoft Visual Studio Solution File, Format Version 12.00
# Visual Studio Version 16
VisualStudioVersion = 16.0.30413.136
MinimumVisualStudioVersion = 10.0.40219.1
Project("{FAE04EC0-301F-11D3-BF4B-00C04F79EFBC}") = "ebarker1730ex1b", "ebarker1730ex1b\ebarker1730ex1b.csproj", "{3ED29F4C-D41C-4272-A45D-6CEF039A837A}"
EndProject
Project("{FAE04EC0-301F-11D3-BF4B-00C04F79EFBC}") = "ebarker1730ex1c", "ebarker1730ex1c\ebarker1730ex1c.csproj", "{D8F1F852-B4EB-468F-8D3C-8C7CDFA9F231}"
EndProject
Project("{FAE04EC0-301F-11D3-BF4B-00C04F79EFBC}") = "ebarker1730ex1d", "ebarker1730ex1d\ebarker1730ex1d.csproj", "{A9A32B55-5791-4F6D-A2AF-BC18A4C26D95}"
EndProject
Project("{FAE04EC0-301F-11D3-BF4B-00C04F79EFBC}") = "ebarker1730ex1e", "ebarker1730ex1e\ebarker1730ex1e.csproj", "{74CD14F2-03C0-4266-82C1-477FF07B1A46}"
EndProject
Project("{FAE04EC0-301F-11D3-BF4B-00C04F79EFBC}") = "ebarker1730ex1f", "ebarker1730ex1f\ebarker1730ex1f.csproj", "{1D8244A9-158E-4C6B-AF9D-7CA5F52E2D22}"
EndProject
Project("{FAE04EC0-301F-11D3-BF4B-00C04F79EFBC}") = "ebarker1730ex1g", "ebarker1730ex1g\ebarker1730ex1g.csproj", "{140A639C-2CA8-43C0-990C-E8B66DAB1F70}"
EndProject
Project("{FAE04EC0-301F-11D3-BF4B-00C04F79EFBC}") = "ebarker1730ex2a", "ebarker1730ex2a\ebarker1730ex2a.csproj", "{F2F7FC37-3592-4826-A84C-64E3C1496C9C}"
EndProject
Project("{FAE04EC0-301F-11D3-BF4B-00C04F79EFBC}") = "ebarker1730ex2b", "ebarker1730ex2b\ebarker1730ex2b.csproj", "{D8D5F71F-9781-43DB-8406-FF48B225D54D}"
EndProject
Project("{FAE04EC0-301F-11D3-BF4B-00C04F79EFBC}") = "ebarker1730ex2c", "ebarker1730ex2c\ebarker1730ex2c.csproj", "{83ABEF35-6C76-4688-996E-B9AA7D1C3CCC}"
EndProject
Project("{FAE04EC0-301F-11D3-BF4B-00C04F79EFBC}") = "ebarker1730ex2d", "ebarker1730ex2d\ebarker1730ex2d.csproj", "{226E172E-3C4A-498C-87E0-936E0B5D2F2B}"
EndProject
Project("{FAE04EC0-301F-11D3-BF4B-00C04F79EFBC}") = "ebarker1730ex2e", "ebarker1730ex2e\ebarker1730ex2e.csproj", "{058829FE-0905-4852-B342-86BDDBE73238}"
EndProject
Project("{FAE04EC0-301F-11D3-BF4B-00C04F79EFBC}") = "ebarker1730ex2eUnitTests", "ebarker1730ex2eUnitTests\ebarker1730ex2eUnitTests.csproj", "{85F7AA29-DBFE-4C6B-B714-4395915213EB}"
EndProject
Global
	GlobalSection(SolutionConfigurationPlatforms) = preSolution
		Debug|Any CPU = Debug|Any CPU
		Release|Any CPU = Release|Any CPU
	EndGlobalSection
	GlobalSection(ProjectConfigurationPlatforms) = postSolution
		{3ED29F4C-D41C-4272-A45D-6CEF039A837A}.Debug|Any CPU.ActiveCfg = Debug|Any CPU
		{3ED29F4C-D41C-4272-A45D-6CEF039A837A}.Debug|Any CPU.Build.0 = Debug|Any CPU
		{3ED29F4C-D41C-4272-A45D-6CEF039A837A}.Release|Any CPU.ActiveCfg = Release|Any CPU
		{3ED29F4C-D41C-4272-A45D-6CEF039A837A}.Release|Any CPU.Build.0 = Release|Any CPU
		{D8F1F852-B4EB-468F-8D3C-8C7CDFA9F231}.Debug|Any CPU.ActiveCfg = Debug|Any CPU
		{D8F1F852-B4EB-468F-8D3C-8C7CDFA9F231}.Debug|Any CPU.Build.0 = Debug|Any CPU
		{D8F1F852-B4EB-468F-8D3C-8C7CDFA9F231}.Release|Any CPU.ActiveCfg = Release|Any CPU
		{D8F1F852-B4EB-468F-8D3C-8C7CDFA9F231}.Release|Any CPU.Build.0 = Release|Any CPU
		{A9A32B55-5791-4F6D-A2AF-BC18A4C26D95}.Debug|Any CPU.ActiveCfg = Debug|Any CPU
		{A9A32B55-5791-4F6D-A2AF-BC18A4C26D95}.Debug|Any CPU.Build.0 = Debug|Any CPU
		{A9A32B55-5791-4F6D-A2AF-BC18A4C26D95}.Release|Any CPU.ActiveCfg = Release|Any CPU
		{A9A32B55-5791-4F6D-A2AF-BC18A4C26D95}.Release|Any CPU.Build.0 = Release|Any CPU
		{74CD14F2-03C0-4266-82C1-477FF07B1A46}.Debug|Any CPU.ActiveCfg = Debug|Any CPU
		{74CD14F2-03C0-4266-82C1-477FF07B1A46}.Debug|Any CPU.Build.0 = Debug|Any CPU
		{74CD14F2-03C0-4266-82C1-477FF07B1A46}.Release|Any CPU.ActiveCfg = Release|Any CPU
		{74CD14F2-03C0-4266-82C1-477FF07B1A46}.Release|Any CPU.Build.0 = Release|Any CPU
		{1D8244A9-158E-4C6B-AF9D-7CA5F52E2D22}.Debug|Any CPU.ActiveCfg = Debug|Any CPU
		{1D8244A9-158E-4C6B-AF9D-7CA5F52E2D22}.Debug|Any CPU.Build.0 = Debug|Any CPU
		{1D8244A9-158E-4C6B-AF9D-7CA5F52E2D22}.Release|Any CPU.ActiveCfg = Release|Any CPU
		{1D8244A9-158E-4C6B-AF9D-7CA5F52E2D22}.Release|Any CPU.Build.0 = Release|Any CPU
		{140A639C-2CA8-43C0-990C-E8B66DAB1F70}.Debug|Any CPU.ActiveCfg = Debug|Any CPU
		{140A639C-2CA8-43C0-990C-E8B66DAB1F70}.Debug|Any CPU.Build.0 = Debug|Any CPU
		{140A639C-2CA8-43C0-990C-E8B66DAB1F70}.Release|Any CPU.ActiveCfg = Release|Any CPU
		{140A639C-2CA8-43C0-990C-E8B66DAB1F70}.Release|Any CPU.Build.0 = Release|Any CPU
		{F2F7FC37-3592-4826-A84C-64E3C1496C9C}.Debug|Any CPU.ActiveCfg = Debug|Any CPU
		{F2F7FC37-3592-4826-A84C-64E3C1496C9C}.Debug|Any CPU.Build.0 = Debug|Any CPU
		{F2F7FC37-3592-4826-A84C-64E3C1496C9C}.Release|Any CPU.ActiveCfg = Release|Any CPU
		{F2F7FC37-3592-4826-A84C-64E3C1496C9C}.Release|Any CPU.Build.0 = Release|Any CPU
		{D8D5F71F-9781-43DB-8406-FF48B225D54D}.Debug|Any CPU.ActiveCfg = Debug|Any CPU
		{D8D5F71F-9781-43DB-8406-FF48B225D54D}.Debug|Any CPU.Build.0 = Debug|Any CPU
		{D8D5F71F-9781-43DB-8406-FF48B225D54D}.Release|Any CPU.ActiveCfg = Release|Any CPU
		{D8D5F71F-9781-43DB-8406-FF48B225D54D}.Release|Any CPU.Build.0 = Release|Any CPU
		{83ABEF35-6C76-4688-996E-B9AA7D1C3CCC}.Debug|Any CPU.ActiveCfg = Debug|Any CPU
		{83ABEF35-6C76-4688-996E-B9AA7D1C3CCC}.Debug|Any CPU.Build.0 = Debug|Any CPU
		{83ABEF35-6C76-4688-996E-B9AA7D1C3CCC}.Release|Any CPU.ActiveCfg = Release|Any CPU
		{83ABEF35-6C76-4688-996E-B9AA7D1C3CCC}.Release|Any CPU.Build.0 = Release|Any CPU
		{226E172E-3C4A-498C-87E0-936E0B5D2F2B}.Debug|Any CPU.ActiveCfg = Debug|Any CPU
		{226E172E-3C4A-498C-87E0-936E0B5D2F2B}.Debug|Any CPU.Build.0 = Debug|Any CPU
		{226E172E-3C4A-498C-87E0-936E0B5D2F2B}.Release|Any CPU.ActiveCfg = Release|Any CPU
		{226E172E-3C4A-498C-87E0-936E0B5D2F2B}.Release|Any CPU.Build.0 = Release|Any CPU
		{058829FE-0905-4852-B342-86BDDBE73238}.Debug|Any CPU.ActiveCfg = Debug|Any CPU
		{058829FE-0905-4852-B342-86BDDBE73238}.Debug|Any CPU.Build.0 = Debug|Any CPU
		{058829FE-0905-4852-B342-86BDDBE73238}.Release|Any CPU.ActiveCfg = Release|Any CPU
		{058829FE-0905-4852-B342-86BDDBE73238}.Release|Any CPU.Build.0 = Release|Any CPU
		{85F7AA29-DBFE-4C6B-B714-4395915213EB}.Debug|Any CPU.ActiveCfg = Debug|Any CPU
		{85F7AA29-DBFE-4C6B-B714-4395915213EB}.Debug|Any CPU.Build.0 = Debug|Any CPU
		{85F7AA29-DBFE-4C6B-B714-4395915213EB}.Release|Any CPU.ActiveCfg = Release|Any CPU
		{85F7AA29-DBFE-4C6B-B714-4395915213EB}.Release|Any CPU.Build.0 = Release|Any CPU
	EndGlobalSection
	GlobalSection(SolutionProperties) = preSolution
		HideSolutionNode = FALSE
	EndGlobalSection
	GlobalSection(ExtensibilityGlobals) = postSolution
		SolutionGuid = {52CCFDD2-B5E3-4D05-A1F2-C136F56D7719}
	EndGlobalSection
EndGlobal
