
Microsoft Visual Studio Solution File, Format Version 12.00
# Visual Studio Version 16
VisualStudioVersion = 16.0.30413.136
MinimumVisualStudioVersion = 10.0.40219.1
Project("{FAE04EC0-301F-11D3-BF4B-00C04F79EFBC}") = "ebarker1730ex1b", "ebarker1730ex1b\ebarker1730ex1b.csproj", "{3ED29F4C-D41C-4272-A45D-6CEF039A837A}"
EndProject
Project("{FAE04EC0-301F-11D3-BF4B-00C04F79EFBC}") = "ebarker1730ex1c", "ebarker1730ex1c\ebarker1730ex1c.csproj", "{D8F1F852-B4EB-468F-8D3C-8C7CDFA9F231}"
EndProject
Project("{FAE04EC0-301F-11D3-BF4B-00C04F79EFBC}") = "ebarker1730ex1d", "ebarker1730ex1d\ebarker1730ex1d.csproj", "{A9A32B55-5791-4F6D-A2AF-BC18A4C26D95}"
EndProject
Project("{FAE04EC0-301F-11D3-BF4B-00C04F79EFBC}") = "ebarker1730ex1e", "ebarker1730ex1e\ebarker1730ex1e.csproj", "{74CD14F2-03C0-4266-82C1-477FF07B1A46}"
EndProject
Project("{FAE04EC0-301F-11D3-BF4B-00C04F79EFBC}") = "ebarker1730ex1f", "ebarker1730ex1f\ebarker1730ex1f.csproj", "{1D8244A9-158E-4C6B-AF9D-7CA5F52E2D22}"
EndProject
Project("{FAE04EC0-301F-11D3-BF4B-00C04F79EFBC}") = "ebarker1730ex1g", "ebarker1730ex1g\ebarker1730ex1g.csproj", "{140A639C-2CA8-43C0-990C-E8B66DAB1F70}"
EndProject
Project("{FAE04EC0-301F-11D3-BF4B-00C04F79EFBC}") = "ebarker1730ex2a", "ebarker1730ex2a\ebarker1730ex2a.csproj", "{F2F7FC37-3592-4826-A84C-64E3C1496C9C}"
EndProject
Project("{FAE04EC0-301F-11D3-BF4B-00C04F79EFBC}") = "ebarker1730ex2b", "ebarker1730ex2b\ebarker1730ex2b.csproj", "{D8D5F71F-9781-43DB-8406-FF48B225D54D}"
EndProject
Project("{FAE04EC0-301F-11D3-BF4B-00C04F79EFBC}") = "ebarker1730ex2c", "ebarker1730ex2c\ebarker1730ex2c.csproj", "{83ABEF35-6C76-4688-996E-B9AA7D1C3CCC}"
EndProject
Project("{FAE04EC0-301F-11D3-BF4B-00C04F79EFBC}") = "ebarker1730ex2d", "ebarker1730ex2d\ebarker1730ex2d.csproj", "{226E172E-3C4A-498C-87E0-936E0B5D2F2B}"
EndProject
Project("{FAE04EC0-301F-11D3-BF4B-00C04F79EFBC}") = "ebarker1730ex2e", "ebarker1730ex2e\ebarker1730ex2e.csproj", "{058829FE-0905-4852-B342-86BDDBE73238}"
EndProject
Project("{FAE04EC0-301F-11D3-BF4B-00C04F79EFBC}") = "ebarker1730ex2eUnitTests", "ebarker1730ex2eUnitTests\ebarker1730ex2eUnitTests.csproj", "{85F7AA29-DBFE-4C6B-B714-4395915213EB}"
EndProject
Project("{FAE04EC0-301F-11D3-BF4B-00C04F79EFBC}") = "ebarker1730ex2f", "ebarker1730ex2f\ebarker1730ex2f.csproj", "{5CB514E6-6087-4F38-BE58-F5EC2BF47819}"
EndProject
Project("{FAE04EC0-301F-11D3-BF4B-00C04F79EFBC}") = "ebarker1730ex2fUnitTests", "ebarker1730ex2fUnitTests\ebarker1730ex2fUnitTests.csproj", "{AF4FCFE9-05B1-4243-B22E-10EBC29AA635}"
EndProject
Project("{FAE04EC0-301F-11D3-BF4B-00C04F79EFBC}") = "ebarker1730ex2g", "ebarker1730ex2g\ebarker1730ex2g.csproj", "{5E764A1D-8000-470C-A4D7-62682DB40C94}"
EndProject
Project("{FAE04EC0-301F-11D3-BF4B-00C04F79EFBC}") = "ebarker1730ex2gUnitTests", "ebarker1730ex2gUnitTests\ebarker1730ex2gUnitTests.csproj", "{EB180E67-3C5B-47C5-A70A-061DEE50D1C0}"
EndProject
Project("{FAE04EC0-301F-11D3-BF4B-00C04F79EFBC}") = "ebarker1730ex2h", "ebarker1730ex2h\ebarker1730ex2h.csproj", "{951E4A32-D04B-4DA7-ADAD-B9B027E48280}"
EndProject
Project("{FAE04EC0-301F-11D3-BF4B-00C04F79EFBC}") = "ebarker1730ex2h.Tests", "ebarker1730ex2h.Tests\ebarker1730ex2h.Tests.csproj", "{B3A6EA43-979B-473C-B1DF-BE293DB31E2A}"
EndProject
Project("{FAE04EC0-301F-11D3-BF4B-00C04F79EFBC}") = "StringMethodsSamp", "1730-2018-samples\StringMethodsSamp\StringMethodsSamp.csproj", "{AEB1977D-F705-4A3F-BBD2-7904D118BBA5}"
EndProject
Project("{FAE04EC0-301F-11D3-BF4B-00C04F79EFBC}") = "ebarker1730ex3a", "ebarker1730ex3a\ebarker1730ex3a.csproj", "{FFF17E22-5D79-4703-862A-0785EA80D7DF}"
EndProject
Project("{FAE04EC0-301F-11D3-BF4B-00C04F79EFBC}") = "ebarker1730ex3aUnitTests", "ebarker1730ex3aUnitTests\ebarker1730ex3aUnitTests.csproj", "{187AFB85-8B7C-471A-8E16-49321F10FA89}"
EndProject
Project("{FAE04EC0-301F-11D3-BF4B-00C04F79EFBC}") = "ebarker1730ex3b", "ebarker1730ex3b\ebarker1730ex3b.csproj", "{F033B6FD-23C0-46F8-A257-D1365D36A2D4}"
EndProject
Project("{FAE04EC0-301F-11D3-BF4B-00C04F79EFBC}") = "ebarker1730ex3bUnitTests", "ebarker1730ex3bUnitTests\ebarker1730ex3bUnitTests.csproj", "{858DC01B-A0A9-4285-AD98-622B8FD1D1D9}"
EndProject
Project("{FAE04EC0-301F-11D3-BF4B-00C04F79EFBC}") = "ebarker1730ex3c", "ebarker1730ex3c\ebarker1730ex3c.csproj", "{51BDB89F-0A73-4E9A-A2A4-B58D4C6E9AC5}"
EndProject
Project("{FAE04EC0-301F-11D3-BF4B-00C04F79EFBC}") = "ebarker1730ex3cUnitTests", "ebarker1730ex3cUnitTests\ebarker1730ex3cUnitTests.csproj", "{1A269B54-E2D9-4CBC-918C-DFF079ABC2CB}"
EndProject
Project("{FAE04EC0-301F-11D3-BF4B-00C04F79EFBC}") = "ebarker1730ex3d", "ebarker1730ex3d\ebarker1730ex3d.csproj", "{09B49D67-46ED-4C7C-BD88-1ADDADAEDBCC}"
EndProject
Project("{FAE04EC0-301F-11D3-BF4B-00C04F79EFBC}") = "ebarker1730ex3dUnitTests", "ebarker1730ex3dUnitTests\ebarker1730ex3dUnitTests.csproj", "{CFA8EA88-C25A-4F42-9C58-AB3E878E682E}"
EndProject
Global
	GlobalSection(SolutionConfigurationPlatforms) = preSolution
		Debug|Any CPU = Debug|Any CPU
		Release|Any CPU = Release|Any CPU
	EndGlobalSection
	GlobalSection(ProjectConfigurationPlatforms) = postSolution
		{3ED29F4C-D41C-4272-A45D-6CEF039A837A}.Debug|Any CPU.ActiveCfg = Debug|Any CPU
		{3ED29F4C-D41C-4272-A45D-6CEF039A837A}.Debug|Any CPU.Build.0 = Debug|Any CPU
		{3ED29F4C-D41C-4272-A45D-6CEF039A837A}.Release|Any CPU.ActiveCfg = Release|Any CPU
		{3ED29F4C-D41C-4272-A45D-6CEF039A837A}.Release|Any CPU.Build.0 = Release|Any CPU
		{D8F1F852-B4EB-468F-8D3C-8C7CDFA9F231}.Debug|Any CPU.ActiveCfg = Debug|Any CPU
		{D8F1F852-B4EB-468F-8D3C-8C7CDFA9F231}.Debug|Any CPU.Build.0 = Debug|Any CPU
		{D8F1F852-B4EB-468F-8D3C-8C7CDFA9F231}.Release|Any CPU.ActiveCfg = Release|Any CPU
		{D8F1F852-B4EB-468F-8D3C-8C7CDFA9F231}.Release|Any CPU.Build.0 = Release|Any CPU
		{A9A32B55-5791-4F6D-A2AF-BC18A4C26D95}.Debug|Any CPU.ActiveCfg = Debug|Any CPU
		{A9A32B55-5791-4F6D-A2AF-BC18A4C26D95}.Debug|Any CPU.Build.0 = Debug|Any CPU
		{A9A32B55-5791-4F6D-A2AF-BC18A4C26D95}.Release|Any CPU.ActiveCfg = Release|Any CPU
		{A9A32B55-5791-4F6D-A2AF-BC18A4C26D95}.Release|Any CPU.Build.0 = Release|Any CPU
		{74CD14F2-03C0-4266-82C1-477FF07B1A46}.Debug|Any CPU.ActiveCfg = Debug|Any CPU
		{74CD14F2-03C0-4266-82C1-477FF07B1A46}.Debug|Any CPU.Build.0 = Debug|Any CPU
		{74CD14F2-03C0-4266-82C1-477FF07B1A46}.Release|Any CPU.ActiveCfg = Release|Any CPU
		{74CD14F2-03C0-4266-82C1-477FF07B1A46}.Release|Any CPU.Build.0 = Release|Any CPU
		{1D8244A9-158E-4C6B-AF9D-7CA5F52E2D22}.Debug|Any CPU.ActiveCfg = Debug|Any CPU
		{1D8244A9-158E-4C6B-AF9D-7CA5F52E2D22}.Debug|Any CPU.Build.0 = Debug|Any CPU
		{1D8244A9-158E-4C6B-AF9D-7CA5F52E2D22}.Release|Any CPU.ActiveCfg = Release|Any CPU
		{1D8244A9-158E-4C6B-AF9D-7CA5F52E2D22}.Release|Any CPU.Build.0 = Release|Any CPU
		{140A639C-2CA8-43C0-990C-E8B66DAB1F70}.Debug|Any CPU.ActiveCfg = Debug|Any CPU
		{140A639C-2CA8-43C0-990C-E8B66DAB1F70}.Debug|Any CPU.Build.0 = Debug|Any CPU
		{140A639C-2CA8-43C0-990C-E8B66DAB1F70}.Release|Any CPU.ActiveCfg = Release|Any CPU
		{140A639C-2CA8-43C0-990C-E8B66DAB1F70}.Release|Any CPU.Build.0 = Release|Any CPU
		{F2F7FC37-3592-4826-A84C-64E3C1496C9C}.Debug|Any CPU.ActiveCfg = Debug|Any CPU
		{F2F7FC37-3592-4826-A84C-64E3C1496C9C}.Debug|Any CPU.Build.0 = Debug|Any CPU
		{F2F7FC37-3592-4826-A84C-64E3C1496C9C}.Release|Any CPU.ActiveCfg = Release|Any CPU
		{F2F7FC37-3592-4826-A84C-64E3C1496C9C}.Release|Any CPU.Build.0 = Release|Any CPU
		{D8D5F71F-9781-43DB-8406-FF48B225D54D}.Debug|Any CPU.ActiveCfg = Debug|Any CPU
		{D8D5F71F-9781-43DB-8406-FF48B225D54D}.Debug|Any CPU.Build.0 = Debug|Any CPU
		{D8D5F71F-9781-43DB-8406-FF48B225D54D}.Release|Any CPU.ActiveCfg = Release|Any CPU
		{D8D5F71F-9781-43DB-8406-FF48B225D54D}.Release|Any CPU.Build.0 = Release|Any CPU
		{83ABEF35-6C76-4688-996E-B9AA7D1C3CCC}.Debug|Any CPU.ActiveCfg = Debug|Any CPU
		{83ABEF35-6C76-4688-996E-B9AA7D1C3CCC}.Debug|Any CPU.Build.0 = Debug|Any CPU
		{83ABEF35-6C76-4688-996E-B9AA7D1C3CCC}.Release|Any CPU.ActiveCfg = Release|Any CPU
		{83ABEF35-6C76-4688-996E-B9AA7D1C3CCC}.Release|Any CPU.Build.0 = Release|Any CPU
		{226E172E-3C4A-498C-87E0-936E0B5D2F2B}.Debug|Any CPU.ActiveCfg = Debug|Any CPU
		{226E172E-3C4A-498C-87E0-936E0B5D2F2B}.Debug|Any CPU.Build.0 = Debug|Any CPU
		{226E172E-3C4A-498C-87E0-936E0B5D2F2B}.Release|Any CPU.ActiveCfg = Release|Any CPU
		{226E172E-3C4A-498C-87E0-936E0B5D2F2B}.Release|Any CPU.Build.0 = Release|Any CPU
		{058829FE-0905-4852-B342-86BDDBE73238}.Debug|Any CPU.ActiveCfg = Debug|Any CPU
		{058829FE-0905-4852-B342-86BDDBE73238}.Debug|Any CPU.Build.0 = Debug|Any CPU
		{058829FE-0905-4852-B342-86BDDBE73238}.Release|Any CPU.ActiveCfg = Release|Any CPU
		{058829FE-0905-4852-B342-86BDDBE73238}.Release|Any CPU.Build.0 = Release|Any CPU
		{85F7AA29-DBFE-4C6B-B714-4395915213EB}.Debug|Any CPU.ActiveCfg = Debug|Any CPU
		{85F7AA29-DBFE-4C6B-B714-4395915213EB}.Debug|Any CPU.Build.0 = Debug|Any CPU
		{85F7AA29-DBFE-4C6B-B714-4395915213EB}.Release|Any CPU.ActiveCfg = Release|Any CPU
		{85F7AA29-DBFE-4C6B-B714-4395915213EB}.Release|Any CPU.Build.0 = Release|Any CPU
		{5CB514E6-6087-4F38-BE58-F5EC2BF47819}.Debug|Any CPU.ActiveCfg = Debug|Any CPU
		{5CB514E6-6087-4F38-BE58-F5EC2BF47819}.Debug|Any CPU.Build.0 = Debug|Any CPU
		{5CB514E6-6087-4F38-BE58-F5EC2BF47819}.Release|Any CPU.ActiveCfg = Release|Any CPU
		{5CB514E6-6087-4F38-BE58-F5EC2BF47819}.Release|Any CPU.Build.0 = Release|Any CPU
		{AF4FCFE9-05B1-4243-B22E-10EBC29AA635}.Debug|Any CPU.ActiveCfg = Debug|Any CPU
		{AF4FCFE9-05B1-4243-B22E-10EBC29AA635}.Debug|Any CPU.Build.0 = Debug|Any CPU
		{AF4FCFE9-05B1-4243-B22E-10EBC29AA635}.Release|Any CPU.ActiveCfg = Release|Any CPU
		{AF4FCFE9-05B1-4243-B22E-10EBC29AA635}.Release|Any CPU.Build.0 = Release|Any CPU
		{5E764A1D-8000-470C-A4D7-62682DB40C94}.Debug|Any CPU.ActiveCfg = Debug|Any CPU
		{5E764A1D-8000-470C-A4D7-62682DB40C94}.Debug|Any CPU.Build.0 = Debug|Any CPU
		{5E764A1D-8000-470C-A4D7-62682DB40C94}.Release|Any CPU.ActiveCfg = Release|Any CPU
		{5E764A1D-8000-470C-A4D7-62682DB40C94}.Release|Any CPU.Build.0 = Release|Any CPU
		{EB180E67-3C5B-47C5-A70A-061DEE50D1C0}.Debug|Any CPU.ActiveCfg = Debug|Any CPU
		{EB180E67-3C5B-47C5-A70A-061DEE50D1C0}.Debug|Any CPU.Build.0 = Debug|Any CPU
		{EB180E67-3C5B-47C5-A70A-061DEE50D1C0}.Release|Any CPU.ActiveCfg = Release|Any CPU
		{EB180E67-3C5B-47C5-A70A-061DEE50D1C0}.Release|Any CPU.Build.0 = Release|Any CPU
		{951E4A32-D04B-4DA7-ADAD-B9B027E48280}.Debug|Any CPU.ActiveCfg = Debug|Any CPU
		{951E4A32-D04B-4DA7-ADAD-B9B027E48280}.Debug|Any CPU.Build.0 = Debug|Any CPU
		{951E4A32-D04B-4DA7-ADAD-B9B027E48280}.Release|Any CPU.ActiveCfg = Release|Any CPU
		{951E4A32-D04B-4DA7-ADAD-B9B027E48280}.Release|Any CPU.Build.0 = Release|Any CPU
		{B3A6EA43-979B-473C-B1DF-BE293DB31E2A}.Debug|Any CPU.ActiveCfg = Debug|Any CPU
		{B3A6EA43-979B-473C-B1DF-BE293DB31E2A}.Debug|Any CPU.Build.0 = Debug|Any CPU
		{B3A6EA43-979B-473C-B1DF-BE293DB31E2A}.Release|Any CPU.ActiveCfg = Release|Any CPU
		{B3A6EA43-979B-473C-B1DF-BE293DB31E2A}.Release|Any CPU.Build.0 = Release|Any CPU
		{AEB1977D-F705-4A3F-BBD2-7904D118BBA5}.Debug|Any CPU.ActiveCfg = Debug|Any CPU
		{AEB1977D-F705-4A3F-BBD2-7904D118BBA5}.Debug|Any CPU.Build.0 = Debug|Any CPU
		{AEB1977D-F705-4A3F-BBD2-7904D118BBA5}.Release|Any CPU.ActiveCfg = Release|Any CPU
		{AEB1977D-F705-4A3F-BBD2-7904D118BBA5}.Release|Any CPU.Build.0 = Release|Any CPU
		{FFF17E22-5D79-4703-862A-0785EA80D7DF}.Debug|Any CPU.ActiveCfg = Debug|Any CPU
		{FFF17E22-5D79-4703-862A-0785EA80D7DF}.Debug|Any CPU.Build.0 = Debug|Any CPU
		{FFF17E22-5D79-4703-862A-0785EA80D7DF}.Release|Any CPU.ActiveCfg = Release|Any CPU
		{FFF17E22-5D79-4703-862A-0785EA80D7DF}.Release|Any CPU.Build.0 = Release|Any CPU
		{187AFB85-8B7C-471A-8E16-49321F10FA89}.Debug|Any CPU.ActiveCfg = Debug|Any CPU
		{187AFB85-8B7C-471A-8E16-49321F10FA89}.Debug|Any CPU.Build.0 = Debug|Any CPU
		{187AFB85-8B7C-471A-8E16-49321F10FA89}.Release|Any CPU.ActiveCfg = Release|Any CPU
		{187AFB85-8B7C-471A-8E16-49321F10FA89}.Release|Any CPU.Build.0 = Release|Any CPU
		{F033B6FD-23C0-46F8-A257-D1365D36A2D4}.Debug|Any CPU.ActiveCfg = Debug|Any CPU
		{F033B6FD-23C0-46F8-A257-D1365D36A2D4}.Debug|Any CPU.Build.0 = Debug|Any CPU
		{F033B6FD-23C0-46F8-A257-D1365D36A2D4}.Release|Any CPU.ActiveCfg = Release|Any CPU
		{F033B6FD-23C0-46F8-A257-D1365D36A2D4}.Release|Any CPU.Build.0 = Release|Any CPU
		{858DC01B-A0A9-4285-AD98-622B8FD1D1D9}.Debug|Any CPU.ActiveCfg = Debug|Any CPU
		{858DC01B-A0A9-4285-AD98-622B8FD1D1D9}.Debug|Any CPU.Build.0 = Debug|Any CPU
		{858DC01B-A0A9-4285-AD98-622B8FD1D1D9}.Release|Any CPU.ActiveCfg = Release|Any CPU
		{858DC01B-A0A9-4285-AD98-622B8FD1D1D9}.Release|Any CPU.Build.0 = Release|Any CPU
		{51BDB89F-0A73-4E9A-A2A4-B58D4C6E9AC5}.Debug|Any CPU.ActiveCfg = Debug|Any CPU
		{51BDB89F-0A73-4E9A-A2A4-B58D4C6E9AC5}.Debug|Any CPU.Build.0 = Debug|Any CPU
		{51BDB89F-0A73-4E9A-A2A4-B58D4C6E9AC5}.Release|Any CPU.ActiveCfg = Release|Any CPU
		{51BDB89F-0A73-4E9A-A2A4-B58D4C6E9AC5}.Release|Any CPU.Build.0 = Release|Any CPU
		{1A269B54-E2D9-4CBC-918C-DFF079ABC2CB}.Debug|Any CPU.ActiveCfg = Debug|Any CPU
		{1A269B54-E2D9-4CBC-918C-DFF079ABC2CB}.Debug|Any CPU.Build.0 = Debug|Any CPU
		{1A269B54-E2D9-4CBC-918C-DFF079ABC2CB}.Release|Any CPU.ActiveCfg = Release|Any CPU
		{1A269B54-E2D9-4CBC-918C-DFF079ABC2CB}.Release|Any CPU.Build.0 = Release|Any CPU
		{09B49D67-46ED-4C7C-BD88-1ADDADAEDBCC}.Debug|Any CPU.ActiveCfg = Debug|Any CPU
		{09B49D67-46ED-4C7C-BD88-1ADDADAEDBCC}.Debug|Any CPU.Build.0 = Debug|Any CPU
		{09B49D67-46ED-4C7C-BD88-1ADDADAEDBCC}.Release|Any CPU.ActiveCfg = Release|Any CPU
		{09B49D67-46ED-4C7C-BD88-1ADDADAEDBCC}.Release|Any CPU.Build.0 = Release|Any CPU
		{CFA8EA88-C25A-4F42-9C58-AB3E878E682E}.Debug|Any CPU.ActiveCfg = Debug|Any CPU
		{CFA8EA88-C25A-4F42-9C58-AB3E878E682E}.Debug|Any CPU.Build.0 = Debug|Any CPU
		{CFA8EA88-C25A-4F42-9C58-AB3E878E682E}.Release|Any CPU.ActiveCfg = Release|Any CPU
		{CFA8EA88-C25A-4F42-9C58-AB3E878E682E}.Release|Any CPU.Build.0 = Release|Any CPU
	EndGlobalSection
	GlobalSection(SolutionProperties) = preSolution
		HideSolutionNode = FALSE
	EndGlobalSection
	GlobalSection(ExtensibilityGlobals) = postSolution
		SolutionGuid = {52CCFDD2-B5E3-4D05-A1F2-C136F56D7719}
	EndGlobalSection
EndGlobal
